
Microsoft Visual Studio Solution File, Format Version 12.00
Project("{FAE04EC0-301F-11D3-BF4B-00C04F79EFBC}") = "CircustreinChallenge", "CircustreinChallenge\CircustreinChallenge.csproj", "{C6B49654-BBA1-442A-A20E-3567AF9DD053}"
EndProject
Project("{FAE04EC0-301F-11D3-BF4B-00C04F79EFBC}") = "ClassLibrary", "ClassLibrary\ClassLibrary.csproj", "{B1A36EDD-2D7F-40D2-8250-AEB9AEB11472}"
EndProject
Global
	GlobalSection(SolutionConfigurationPlatforms) = preSolution
		Debug|Any CPU = Debug|Any CPU
		Release|Any CPU = Release|Any CPU
	EndGlobalSection
	GlobalSection(ProjectConfigurationPlatforms) = postSolution
		{C6B49654-BBA1-442A-A20E-3567AF9DD053}.Debug|Any CPU.ActiveCfg = Debug|Any CPU
		{C6B49654-BBA1-442A-A20E-3567AF9DD053}.Debug|Any CPU.Build.0 = Debug|Any CPU
		{C6B49654-BBA1-442A-A20E-3567AF9DD053}.Release|Any CPU.ActiveCfg = Release|Any CPU
		{C6B49654-BBA1-442A-A20E-3567AF9DD053}.Release|Any CPU.Build.0 = Release|Any CPU
		{B1A36EDD-2D7F-40D2-8250-AEB9AEB11472}.Debug|Any CPU.ActiveCfg = Debug|Any CPU
		{B1A36EDD-2D7F-40D2-8250-AEB9AEB11472}.Debug|Any CPU.Build.0 = Debug|Any CPU
		{B1A36EDD-2D7F-40D2-8250-AEB9AEB11472}.Release|Any CPU.ActiveCfg = Release|Any CPU
		{B1A36EDD-2D7F-40D2-8250-AEB9AEB11472}.Release|Any CPU.Build.0 = Release|Any CPU
	EndGlobalSection
EndGlobal
